
Microsoft Visual Studio Solution File, Format Version 12.00
# Visual Studio Version 17
VisualStudioVersion = 17.11.35208.52
MinimumVisualStudioVersion = 10.0.40219.1
Project("{FAE04EC0-301F-11D3-BF4B-00C04F79EFBC}") = "TrackThread", "TrackThread\TrackThread.csproj", "{420C82F1-5A44-4513-9BC5-7BBE792346AB}"
EndProject
Global
	GlobalSection(SolutionConfigurationPlatforms) = preSolution
		Debug|Any CPU = Debug|Any CPU
		Release|Any CPU = Release|Any CPU
	EndGlobalSection
	GlobalSection(ProjectConfigurationPlatforms) = postSolution
		{420C82F1-5A44-4513-9BC5-7BBE792346AB}.Debug|Any CPU.ActiveCfg = Debug|Any CPU
		{420C82F1-5A44-4513-9BC5-7BBE792346AB}.Debug|Any CPU.Build.0 = Debug|Any CPU
		{420C82F1-5A44-4513-9BC5-7BBE792346AB}.Release|Any CPU.ActiveCfg = Release|Any CPU
		{420C82F1-5A44-4513-9BC5-7BBE792346AB}.Release|Any CPU.Build.0 = Release|Any CPU
	EndGlobalSection
	GlobalSection(SolutionProperties) = preSolution
		HideSolutionNode = FALSE
	EndGlobalSection
	GlobalSection(ExtensibilityGlobals) = postSolution
		SolutionGuid = {32B547D0-678E-4C5C-9BD9-8CA9A4CBD11A}
	EndGlobalSection
EndGlobal
